
Microsoft Visual Studio Solution File, Format Version 12.00
# Visual Studio Version 17
VisualStudioVersion = 17.13.35913.81
MinimumVisualStudioVersion = 10.0.40219.1
Project("{2150E333-8FDC-42A3-9474-1A3956D46DE8}") = "1 - Presentation", "1 - Presentation", "{02EA681E-C7D8-13C7-8484-4AC65E1B71E8}"
EndProject
Project("{2150E333-8FDC-42A3-9474-1A3956D46DE8}") = "2 - Application", "2 - Application", "{29D71FDD-6250-4F3F-A064-EEE3406B33AE}"
EndProject
Project("{2150E333-8FDC-42A3-9474-1A3956D46DE8}") = "3 - Domain", "3 - Domain", "{824C058D-41F9-4CCE-B5E4-9ED991F82586}"
EndProject
Project("{2150E333-8FDC-42A3-9474-1A3956D46DE8}") = "4 - Infrastructure", "4 - Infrastructure", "{7FF4C0BC-01A4-4C89-A2A2-D9C613900D90}"
EndProject
Project("{2150E333-8FDC-42A3-9474-1A3956D46DE8}") = "4.1 - Database", "4.1 - Database", "{7612D20C-AEAE-4F95-8142-372C457EC48F}"
EndProject
Project("{2150E333-8FDC-42A3-9474-1A3956D46DE8}") = "4.2 - IoC", "4.2 - IoC", "{ACB993CD-15A5-47D1-A2EB-76601A68B492}"
EndProject
Project("{2150E333-8FDC-42A3-9474-1A3956D46DE8}") = "5 - Shared", "5 - Shared", "{A5401024-562D-4D19-A68B-D80A4F90317B}"
EndProject
Project("{FAE04EC0-301F-11D3-BF4B-00C04F79EFBC}") = "Presentation.API", "Presentation.API\Presentation.API.csproj", "{2EEAF44F-7E27-F1F2-C8DB-6A7B7A4C2429}"
	ProjectSection(ProjectDependencies) = postProject
		{DD4F5461-DB49-46AE-A363-9870437066D2} = {DD4F5461-DB49-46AE-A363-9870437066D2}
	EndProjectSection
EndProject
Project("{FAE04EC0-301F-11D3-BF4B-00C04F79EFBC}") = "SimpleRestAPI.AppHost", "SimpleRestAPI.AppHost\SimpleRestAPI.AppHost.csproj", "{89CA74EF-4434-476E-8BAD-2DD6B9C35CB9}"
EndProject
Project("{FAE04EC0-301F-11D3-BF4B-00C04F79EFBC}") = "SimpleRestAPI.ServiceDefaults", "SimpleRestAPI.ServiceDefaults\SimpleRestAPI.ServiceDefaults.csproj", "{CD8EDBFE-94F9-B89E-2833-A03F78CB1887}"
EndProject
Project("{FAE04EC0-301F-11D3-BF4B-00C04F79EFBC}") = "SimpleRestAPI.Application", "SimpleRestAPI.Application\SimpleRestAPI.Application.csproj", "{E8AAAF90-18B3-4684-A966-5F58DB1EDF5B}"
EndProject
Project("{FAE04EC0-301F-11D3-BF4B-00C04F79EFBC}") = "SimpleRestAPI.Domain", "SimpleRestAPI.Domain\SimpleRestAPI.Domain.csproj", "{B8B0B0D6-5F4C-4381-8008-14D6C02F10D5}"
EndProject
Project("{FAE04EC0-301F-11D3-BF4B-00C04F79EFBC}") = "SimpleRestAPI.Infra.Database", "SimpleRestAPI.Infra.Database\SimpleRestAPI.Infra.Database.csproj", "{02784AD9-4D6F-45C0-8BFA-E9C6755C90CA}"
EndProject
Project("{FAE04EC0-301F-11D3-BF4B-00C04F79EFBC}") = "SimpleRestAPI.Infra.IoC", "SimpleRestAPI.Domain.Infra.IoC\SimpleRestAPI.Infra.IoC.csproj", "{DD4F5461-DB49-46AE-A363-9870437066D2}"
EndProject
Project("{FAE04EC0-301F-11D3-BF4B-00C04F79EFBC}") = "SimpleRestAPI.Shared", "SimpleRestAPI.Shared\SimpleRestAPI.Shared.csproj", "{49233DAA-A864-45C5-BE91-FA86FB79503C}"
EndProject
Project("{54A90642-561A-4BB1-A94E-469ADEE60C69}") = "Presentantion.AngularFront", "Presentantion.AngularFront\Presentantion.AngularFront.esproj", "{639C9F8B-861C-B0BD-4FAF-CBA28F2920E6}"
EndProject
Project("{FAE04EC0-301F-11D3-BF4B-00C04F79EFBC}") = "SimpleRestAPI.Application.Tests", "SimpleRestAPI.Application.Tests\SimpleRestAPI.Application.Tests.csproj", "{4C555319-799C-429F-85D4-FECA5F3CC979}"
EndProject
Project("{54A90642-561A-4BB1-A94E-469ADEE60C69}") = "presentation.reactfront", "Presentation.ReactFront\presentation.reactfront.esproj", "{8574A69F-9BF6-262F-6783-9685240B28FC}"
EndProject
Global
	GlobalSection(SolutionConfigurationPlatforms) = preSolution
		Debug|Any CPU = Debug|Any CPU
		Release|Any CPU = Release|Any CPU
	EndGlobalSection
	GlobalSection(ProjectConfigurationPlatforms) = postSolution
		{2EEAF44F-7E27-F1F2-C8DB-6A7B7A4C2429}.Debug|Any CPU.ActiveCfg = Debug|Any CPU
		{2EEAF44F-7E27-F1F2-C8DB-6A7B7A4C2429}.Debug|Any CPU.Build.0 = Debug|Any CPU
		{2EEAF44F-7E27-F1F2-C8DB-6A7B7A4C2429}.Release|Any CPU.ActiveCfg = Release|Any CPU
		{2EEAF44F-7E27-F1F2-C8DB-6A7B7A4C2429}.Release|Any CPU.Build.0 = Release|Any CPU
		{89CA74EF-4434-476E-8BAD-2DD6B9C35CB9}.Debug|Any CPU.ActiveCfg = Debug|Any CPU
		{89CA74EF-4434-476E-8BAD-2DD6B9C35CB9}.Debug|Any CPU.Build.0 = Debug|Any CPU
		{89CA74EF-4434-476E-8BAD-2DD6B9C35CB9}.Release|Any CPU.ActiveCfg = Release|Any CPU
		{89CA74EF-4434-476E-8BAD-2DD6B9C35CB9}.Release|Any CPU.Build.0 = Release|Any CPU
		{CD8EDBFE-94F9-B89E-2833-A03F78CB1887}.Debug|Any CPU.ActiveCfg = Debug|Any CPU
		{CD8EDBFE-94F9-B89E-2833-A03F78CB1887}.Debug|Any CPU.Build.0 = Debug|Any CPU
		{CD8EDBFE-94F9-B89E-2833-A03F78CB1887}.Release|Any CPU.ActiveCfg = Release|Any CPU
		{CD8EDBFE-94F9-B89E-2833-A03F78CB1887}.Release|Any CPU.Build.0 = Release|Any CPU
		{E8AAAF90-18B3-4684-A966-5F58DB1EDF5B}.Debug|Any CPU.ActiveCfg = Debug|Any CPU
		{E8AAAF90-18B3-4684-A966-5F58DB1EDF5B}.Debug|Any CPU.Build.0 = Debug|Any CPU
		{E8AAAF90-18B3-4684-A966-5F58DB1EDF5B}.Release|Any CPU.ActiveCfg = Release|Any CPU
		{E8AAAF90-18B3-4684-A966-5F58DB1EDF5B}.Release|Any CPU.Build.0 = Release|Any CPU
		{B8B0B0D6-5F4C-4381-8008-14D6C02F10D5}.Debug|Any CPU.ActiveCfg = Debug|Any CPU
		{B8B0B0D6-5F4C-4381-8008-14D6C02F10D5}.Debug|Any CPU.Build.0 = Debug|Any CPU
		{B8B0B0D6-5F4C-4381-8008-14D6C02F10D5}.Release|Any CPU.ActiveCfg = Release|Any CPU
		{B8B0B0D6-5F4C-4381-8008-14D6C02F10D5}.Release|Any CPU.Build.0 = Release|Any CPU
		{02784AD9-4D6F-45C0-8BFA-E9C6755C90CA}.Debug|Any CPU.ActiveCfg = Debug|Any CPU
		{02784AD9-4D6F-45C0-8BFA-E9C6755C90CA}.Debug|Any CPU.Build.0 = Debug|Any CPU
		{02784AD9-4D6F-45C0-8BFA-E9C6755C90CA}.Release|Any CPU.ActiveCfg = Release|Any CPU
		{02784AD9-4D6F-45C0-8BFA-E9C6755C90CA}.Release|Any CPU.Build.0 = Release|Any CPU
		{DD4F5461-DB49-46AE-A363-9870437066D2}.Debug|Any CPU.ActiveCfg = Debug|Any CPU
		{DD4F5461-DB49-46AE-A363-9870437066D2}.Debug|Any CPU.Build.0 = Debug|Any CPU
		{DD4F5461-DB49-46AE-A363-9870437066D2}.Release|Any CPU.ActiveCfg = Release|Any CPU
		{DD4F5461-DB49-46AE-A363-9870437066D2}.Release|Any CPU.Build.0 = Release|Any CPU
		{49233DAA-A864-45C5-BE91-FA86FB79503C}.Debug|Any CPU.ActiveCfg = Debug|Any CPU
		{49233DAA-A864-45C5-BE91-FA86FB79503C}.Debug|Any CPU.Build.0 = Debug|Any CPU
		{49233DAA-A864-45C5-BE91-FA86FB79503C}.Release|Any CPU.ActiveCfg = Release|Any CPU
		{49233DAA-A864-45C5-BE91-FA86FB79503C}.Release|Any CPU.Build.0 = Release|Any CPU
		{639C9F8B-861C-B0BD-4FAF-CBA28F2920E6}.Debug|Any CPU.ActiveCfg = Debug|Any CPU
		{639C9F8B-861C-B0BD-4FAF-CBA28F2920E6}.Debug|Any CPU.Build.0 = Debug|Any CPU
		{639C9F8B-861C-B0BD-4FAF-CBA28F2920E6}.Debug|Any CPU.Deploy.0 = Debug|Any CPU
		{639C9F8B-861C-B0BD-4FAF-CBA28F2920E6}.Release|Any CPU.ActiveCfg = Release|Any CPU
		{639C9F8B-861C-B0BD-4FAF-CBA28F2920E6}.Release|Any CPU.Build.0 = Release|Any CPU
		{639C9F8B-861C-B0BD-4FAF-CBA28F2920E6}.Release|Any CPU.Deploy.0 = Release|Any CPU
		{4C555319-799C-429F-85D4-FECA5F3CC979}.Debug|Any CPU.ActiveCfg = Debug|Any CPU
		{4C555319-799C-429F-85D4-FECA5F3CC979}.Debug|Any CPU.Build.0 = Debug|Any CPU
		{4C555319-799C-429F-85D4-FECA5F3CC979}.Release|Any CPU.ActiveCfg = Release|Any CPU
		{4C555319-799C-429F-85D4-FECA5F3CC979}.Release|Any CPU.Build.0 = Release|Any CPU
		{8574A69F-9BF6-262F-6783-9685240B28FC}.Debug|Any CPU.ActiveCfg = Debug|Any CPU
		{8574A69F-9BF6-262F-6783-9685240B28FC}.Debug|Any CPU.Build.0 = Debug|Any CPU
		{8574A69F-9BF6-262F-6783-9685240B28FC}.Debug|Any CPU.Deploy.0 = Debug|Any CPU
		{8574A69F-9BF6-262F-6783-9685240B28FC}.Release|Any CPU.ActiveCfg = Release|Any CPU
		{8574A69F-9BF6-262F-6783-9685240B28FC}.Release|Any CPU.Build.0 = Release|Any CPU
		{8574A69F-9BF6-262F-6783-9685240B28FC}.Release|Any CPU.Deploy.0 = Release|Any CPU
	EndGlobalSection
	GlobalSection(SolutionProperties) = preSolution
		HideSolutionNode = FALSE
	EndGlobalSection
	GlobalSection(NestedProjects) = preSolution
		{7612D20C-AEAE-4F95-8142-372C457EC48F} = {7FF4C0BC-01A4-4C89-A2A2-D9C613900D90}
		{ACB993CD-15A5-47D1-A2EB-76601A68B492} = {7FF4C0BC-01A4-4C89-A2A2-D9C613900D90}
		{2EEAF44F-7E27-F1F2-C8DB-6A7B7A4C2429} = {02EA681E-C7D8-13C7-8484-4AC65E1B71E8}
		{E8AAAF90-18B3-4684-A966-5F58DB1EDF5B} = {29D71FDD-6250-4F3F-A064-EEE3406B33AE}
		{B8B0B0D6-5F4C-4381-8008-14D6C02F10D5} = {824C058D-41F9-4CCE-B5E4-9ED991F82586}
		{02784AD9-4D6F-45C0-8BFA-E9C6755C90CA} = {7612D20C-AEAE-4F95-8142-372C457EC48F}
		{DD4F5461-DB49-46AE-A363-9870437066D2} = {ACB993CD-15A5-47D1-A2EB-76601A68B492}
		{49233DAA-A864-45C5-BE91-FA86FB79503C} = {A5401024-562D-4D19-A68B-D80A4F90317B}
		{639C9F8B-861C-B0BD-4FAF-CBA28F2920E6} = {02EA681E-C7D8-13C7-8484-4AC65E1B71E8}
		{4C555319-799C-429F-85D4-FECA5F3CC979} = {29D71FDD-6250-4F3F-A064-EEE3406B33AE}
		{8574A69F-9BF6-262F-6783-9685240B28FC} = {02EA681E-C7D8-13C7-8484-4AC65E1B71E8}
	EndGlobalSection
	GlobalSection(ExtensibilityGlobals) = postSolution
		SolutionGuid = {223D74B9-3B53-40B4-BDCE-CFEAFD5C3427}
	EndGlobalSection
EndGlobal
