Microsoft Visual Studio Solution File, Format Version 12.00
# Visual Studio Version 17
VisualStudioVersion = 17.5.2.0
MinimumVisualStudioVersion = 10.0.40219.1
Project("{FAE04EC0-301F-11D3-BF4B-00C04F79EFBC}") = "SimpleRestAPI.Infra.Database", "SimpleRestAPI.Infra.Database.csproj", "{BF65F295-62BD-5D1E-D364-34C89CA22B5D}"
EndProject
Global
	GlobalSection(SolutionConfigurationPlatforms) = preSolution
		Debug|Any CPU = Debug|Any CPU
		Release|Any CPU = Release|Any CPU
	EndGlobalSection
	GlobalSection(ProjectConfigurationPlatforms) = postSolution
		{BF65F295-62BD-5D1E-D364-34C89CA22B5D}.Debug|Any CPU.ActiveCfg = Debug|Any CPU
		{BF65F295-62BD-5D1E-D364-34C89CA22B5D}.Debug|Any CPU.Build.0 = Debug|Any CPU
		{BF65F295-62BD-5D1E-D364-34C89CA22B5D}.Release|Any CPU.ActiveCfg = Release|Any CPU
		{BF65F295-62BD-5D1E-D364-34C89CA22B5D}.Release|Any CPU.Build.0 = Release|Any CPU
	EndGlobalSection
	GlobalSection(SolutionProperties) = preSolution
		HideSolutionNode = FALSE
	EndGlobalSection
	GlobalSection(ExtensibilityGlobals) = postSolution
		SolutionGuid = {36F33819-E55B-4D99-A53F-617E0C0504C5}
	EndGlobalSection
EndGlobal
